{
  "requires": true,
  "lockfileVersion": 1,
  "dependencies": {
    "@angular/cdk": {
      "version": "12.2.13",
      "resolved": "https://registry.npmjs.org/@angular/cdk/-/cdk-12.2.13.tgz",
      "integrity": "sha512-zSKRhECyFqhingIeyRInIyTvYErt4gWo+x5DQr0b7YLUbU8DZSwWnG4w76Ke2s4U8T7ry1jpJBHoX/e8YBpGMg==",
      "requires": {
        "parse5": "^5.0.0",
        "tslib": "^2.2.0"
      }
    },
    "@ant-design/colors": {
      "version": "5.1.1",
      "resolved": "https://registry.npmjs.org/@ant-design/colors/-/colors-5.1.1.tgz",
      "integrity": "sha512-Txy4KpHrp3q4XZdfgOBqLl+lkQIc3tEvHXOimRN1giX1AEC7mGtyrO9p8iRGJ3FLuVMGa2gNEzQyghVymLttKQ==",
      "requires": {
        "@ctrl/tinycolor": "^3.3.1"
      }
    },
    "@ant-design/icons-angular": {
      "version": "12.0.3",
      "resolved": "https://registry.npmjs.org/@ant-design/icons-angular/-/icons-angular-12.0.3.tgz",
      "integrity": "sha512-Jl/O7fQiFGsFHuesOp7Oo/TKTPSlWAqMa2DBQdgQbNzv2c3v1ijQWd54ymDC6ftIHMsKD30nJ6bekCiqdbfZuA==",
      "requires": {
        "@ant-design/colors": "^5.0.0",
        "tslib": "^2.0.0"
      }
    },
    "@ctrl/tinycolor": {
      "version": "3.4.0",
      "resolved": "https://registry.npmjs.org/@ctrl/tinycolor/-/tinycolor-3.4.0.tgz",
      "integrity": "sha512-JZButFdZ1+/xAfpguQHoabIXkcqRRKpMrWKBkpEZZyxfY9C1DpADFB8PEqGSTeFr135SaTRfKqGKx5xSCLI7ZQ=="
    },
    "date-fns": {
      "version": "2.27.0",
      "resolved": "https://registry.npmjs.org/date-fns/-/date-fns-2.27.0.tgz",
      "integrity": "sha512-sj+J0Mo2p2X1e306MHq282WS4/A8Pz/95GIFcsPNMPMZVI3EUrAdSv90al1k+p74WGLCruMXk23bfEDZa71X9Q=="
    },
    "ng-zorro-antd": {
      "version": "12.1.0",
      "resolved": "https://registry.npmjs.org/ng-zorro-antd/-/ng-zorro-antd-12.1.0.tgz",
      "integrity": "sha512-tsL57G4RmnB+lfGsC0onxYIdZ32L1CbrZUW35I3lwn8pB37qU2W87u1AYDulZHlQbz7CMHhjEnnucYPWu3Ak3g==",
      "requires": {
        "@angular/cdk": "^12.1.0",
        "@ant-design/icons-angular": "^12.0.3",
        "date-fns": "^2.10.0",
        "tslib": "^2.2.0"
      }
    },
    "parse5": {
      "version": "5.1.1",
      "resolved": "https://registry.npmjs.org/parse5/-/parse5-5.1.1.tgz",
      "integrity": "sha512-ugq4DFI0Ptb+WWjAdOK16+u/nHfiIrcE+sh8kZMaM0WllQKLI9rOUq6c2b7cwPkXdzfQESqvoqK6ug7U/Yyzug==",
      "optional": true
    },
    "tslib": {
      "version": "2.3.1",
      "resolved": "https://registry.npmjs.org/tslib/-/tslib-2.3.1.tgz",
      "integrity": "sha512-77EbyPPpMz+FRFRuAFlWMtmgUWGe9UOG2Z25NqCwiIjRhOf5iKGuzSe5P2w1laq+FkRy4p+PCuVkJSGkzTEKVw=="
    }
  }
}
